
Microsoft Visual Studio Solution File, Format Version 12.00
# Visual Studio Version 17
VisualStudioVersion = 17.11.35327.3
MinimumVisualStudioVersion = 10.0.40219.1
Project("{FAE04EC0-301F-11D3-BF4B-00C04F79EFBC}") = "BlogAppSample", "BlogAppSample\BlogAppSample.csproj", "{6710D905-C5DF-4594-A92D-10BD09D7A716}"
EndProject
Global
	GlobalSection(SolutionConfigurationPlatforms) = preSolution
		Debug|Any CPU = Debug|Any CPU
		Release|Any CPU = Release|Any CPU
	EndGlobalSection
	GlobalSection(ProjectConfigurationPlatforms) = postSolution
		{6710D905-C5DF-4594-A92D-10BD09D7A716}.Debug|Any CPU.ActiveCfg = Debug|Any CPU
		{6710D905-C5DF-4594-A92D-10BD09D7A716}.Debug|Any CPU.Build.0 = Debug|Any CPU
		{6710D905-C5DF-4594-A92D-10BD09D7A716}.Release|Any CPU.ActiveCfg = Release|Any CPU
		{6710D905-C5DF-4594-A92D-10BD09D7A716}.Release|Any CPU.Build.0 = Release|Any CPU
	EndGlobalSection
	GlobalSection(SolutionProperties) = preSolution
		HideSolutionNode = FALSE
	EndGlobalSection
	GlobalSection(ExtensibilityGlobals) = postSolution
		SolutionGuid = {D3379AC8-B7AF-4B2B-9BB8-053C63CAC688}
	EndGlobalSection
EndGlobal
